
Microsoft Visual Studio Solution File, Format Version 12.00
# Visual Studio Version 18
VisualStudioVersion = 18.2.11415.280 d18.0
MinimumVisualStudioVersion = 10.0.40219.1
Project("{FAE04EC0-301F-11D3-BF4B-00C04F79EFBC}") = "TechTerra-FrontEnd", "TechTerra-FrontEnd.csproj", "{8D476D13-1F95-42F2-98D9-045707E137E7}"
EndProject
Global
	GlobalSection(SolutionConfigurationPlatforms) = preSolution
		Debug|Any CPU = Debug|Any CPU
		Release|Any CPU = Release|Any CPU
	EndGlobalSection
	GlobalSection(ProjectConfigurationPlatforms) = postSolution
		{8D476D13-1F95-42F2-98D9-045707E137E7}.Debug|Any CPU.ActiveCfg = Debug|Any CPU
		{8D476D13-1F95-42F2-98D9-045707E137E7}.Debug|Any CPU.Build.0 = Debug|Any CPU
		{8D476D13-1F95-42F2-98D9-045707E137E7}.Release|Any CPU.ActiveCfg = Release|Any CPU
		{8D476D13-1F95-42F2-98D9-045707E137E7}.Release|Any CPU.Build.0 = Release|Any CPU
	EndGlobalSection
	GlobalSection(SolutionProperties) = preSolution
		HideSolutionNode = FALSE
	EndGlobalSection
	GlobalSection(ExtensibilityGlobals) = postSolution
		SolutionGuid = {3D6740E2-AA5B-454D-88A4-5EEA1574FA99}
	EndGlobalSection
EndGlobal
